
Microsoft Visual Studio Solution File, Format Version 12.00
# Visual Studio Version 17
VisualStudioVersion = 17.3.32825.248
MinimumVisualStudioVersion = 10.0.40219.1
Project("{9A19103F-16F7-4668-BE54-9A1E7A4F7556}") = "WebApi", "WebApi\WebApi.csproj", "{B69C9205-43FD-4819-95F7-9D598B313CB7}"
EndProject
Project("{9A19103F-16F7-4668-BE54-9A1E7A4F7556}") = "CustomersView", "CustomersView\CustomersView.csproj", "{7B366C4F-6E49-4925-9E18-729378038E31}"
EndProject
Project("{54A90642-561A-4BB1-A94E-469ADEE60C69}") = "adminsite", "AdminSite\adminsite.esproj", "{B2CE9F24-B020-4DA7-9EDC-7184F0030B0B}"
EndProject
Project("{FAE04EC0-301F-11D3-BF4B-00C04F79EFBC}") = "WebApi.Tests", "WebApi.Tests\WebApi.Tests.csproj", "{D70A07BC-AD8D-42BE-9631-6AAFF366E690}"
EndProject
Global
	GlobalSection(SolutionConfigurationPlatforms) = preSolution
		Debug|Any CPU = Debug|Any CPU
		Release|Any CPU = Release|Any CPU
	EndGlobalSection
	GlobalSection(ProjectConfigurationPlatforms) = postSolution
		{B69C9205-43FD-4819-95F7-9D598B313CB7}.Debug|Any CPU.ActiveCfg = Debug|Any CPU
		{B69C9205-43FD-4819-95F7-9D598B313CB7}.Debug|Any CPU.Build.0 = Debug|Any CPU
		{B69C9205-43FD-4819-95F7-9D598B313CB7}.Release|Any CPU.ActiveCfg = Release|Any CPU
		{B69C9205-43FD-4819-95F7-9D598B313CB7}.Release|Any CPU.Build.0 = Release|Any CPU
		{7B366C4F-6E49-4925-9E18-729378038E31}.Debug|Any CPU.ActiveCfg = Debug|Any CPU
		{7B366C4F-6E49-4925-9E18-729378038E31}.Debug|Any CPU.Build.0 = Debug|Any CPU
		{7B366C4F-6E49-4925-9E18-729378038E31}.Release|Any CPU.ActiveCfg = Release|Any CPU
		{7B366C4F-6E49-4925-9E18-729378038E31}.Release|Any CPU.Build.0 = Release|Any CPU
		{B2CE9F24-B020-4DA7-9EDC-7184F0030B0B}.Debug|Any CPU.ActiveCfg = Debug|Any CPU
		{B2CE9F24-B020-4DA7-9EDC-7184F0030B0B}.Debug|Any CPU.Build.0 = Debug|Any CPU
		{B2CE9F24-B020-4DA7-9EDC-7184F0030B0B}.Debug|Any CPU.Deploy.0 = Debug|Any CPU
		{B2CE9F24-B020-4DA7-9EDC-7184F0030B0B}.Release|Any CPU.ActiveCfg = Release|Any CPU
		{B2CE9F24-B020-4DA7-9EDC-7184F0030B0B}.Release|Any CPU.Build.0 = Release|Any CPU
		{B2CE9F24-B020-4DA7-9EDC-7184F0030B0B}.Release|Any CPU.Deploy.0 = Release|Any CPU
		{D70A07BC-AD8D-42BE-9631-6AAFF366E690}.Debug|Any CPU.ActiveCfg = Debug|Any CPU
		{D70A07BC-AD8D-42BE-9631-6AAFF366E690}.Debug|Any CPU.Build.0 = Debug|Any CPU
		{D70A07BC-AD8D-42BE-9631-6AAFF366E690}.Release|Any CPU.ActiveCfg = Release|Any CPU
		{D70A07BC-AD8D-42BE-9631-6AAFF366E690}.Release|Any CPU.Build.0 = Release|Any CPU
	EndGlobalSection
	GlobalSection(SolutionProperties) = preSolution
		HideSolutionNode = FALSE
	EndGlobalSection
	GlobalSection(ExtensibilityGlobals) = postSolution
		SolutionGuid = {2DF5A936-E611-4F8A-BBA8-0724140FDC0C}
	EndGlobalSection
EndGlobal
